// !$*UTF8*$!
{
	archiveVersion = 1;
	classes = {
	};
	objectVersion = 46;
	objects = {

/* Begin PBXBuildFile section */
		A88BE28F1D62BDEC00426A70 /* PhotoCollectionViewCell.swift in Sources */ = {isa = PBXBuildFile; fileRef = A88BE28E1D62BDEC00426A70 /* PhotoCollectionViewCell.swift */; };
		A88BE2911D62C58700426A70 /* PhotoDetailViewController.swift in Sources */ = {isa = PBXBuildFile; fileRef = A88BE2901D62C58700426A70 /* PhotoDetailViewController.swift */; };
		A88F97701D5D7B19003DAC44 /* PhotosCollectionViewController.swift in Sources */ = {isa = PBXBuildFile; fileRef = A88F976F1D5D7B19003DAC44 /* PhotosCollectionViewController.swift */; };
		A8BEDD631D5C3B27003E17C8 /* AppDelegate.swift in Sources */ = {isa = PBXBuildFile; fileRef = A8BEDD621D5C3B27003E17C8 /* AppDelegate.swift */; };
		A8BEDD681D5C3B27003E17C8 /* Main.storyboard in Resources */ = {isa = PBXBuildFile; fileRef = A8BEDD661D5C3B27003E17C8 /* Main.storyboard */; };
		A8BEDD6A1D5C3B27003E17C8 /* Assets.xcassets in Resources */ = {isa = PBXBuildFile; fileRef = A8BEDD691D5C3B27003E17C8 /* Assets.xcassets */; };
		A8BEDD6D1D5C3B27003E17C8 /* LaunchScreen.storyboard in Resources */ = {isa = PBXBuildFile; fileRef = A8BEDD6B1D5C3B27003E17C8 /* LaunchScreen.storyboard */; };
		A8CDC8741D64157B00DACE89 /* Photo.swift in Sources */ = {isa = PBXBuildFile; fileRef = A8CDC8731D64157B00DACE89 /* Photo.swift */; };
/* End PBXBuildFile section */

/* Begin PBXFileReference section */
		A88BE28E1D62BDEC00426A70 /* PhotoCollectionViewCell.swift */ = {isa = PBXFileReference; fileEncoding = 4; lastKnownFileType = sourcecode.swift; path = PhotoCollectionViewCell.swift; sourceTree = "<group>"; };
		A88BE2901D62C58700426A70 /* PhotoDetailViewController.swift */ = {isa = PBXFileReference; fileEncoding = 4; lastKnownFileType = sourcecode.swift; path = PhotoDetailViewController.swift; sourceTree = "<group>"; };
		A88F976F1D5D7B19003DAC44 /* PhotosCollectionViewController.swift */ = {isa = PBXFileReference; fileEncoding = 4; lastKnownFileType = sourcecode.swift; path = PhotosCollectionViewController.swift; sourceTree = "<group>"; };
		A8BEDD5F1D5C3B27003E17C8 /* PhotoCollection.app */ = {isa = PBXFileReference; explicitFileType = wrapper.application; includeInIndex = 0; path = PhotoCollection.app; sourceTree = BUILT_PRODUCTS_DIR; };
		A8BEDD621D5C3B27003E17C8 /* AppDelegate.swift */ = {isa = PBXFileReference; lastKnownFileType = sourcecode.swift; path = AppDelegate.swift; sourceTree = "<group>"; };
		A8BEDD671D5C3B27003E17C8 /* Base */ = {isa = PBXFileReference; lastKnownFileType = file.storyboard; name = Base; path = Base.lproj/Main.storyboard; sourceTree = "<group>"; };
		A8BEDD691D5C3B27003E17C8 /* Assets.xcassets */ = {isa = PBXFileReference; lastKnownFileType = folder.assetcatalog; path = Assets.xcassets; sourceTree = "<group>"; };
		A8BEDD6C1D5C3B27003E17C8 /* Base */ = {isa = PBXFileReference; lastKnownFileType = file.storyboard; name = Base; path = Base.lproj/LaunchScreen.storyboard; sourceTree = "<group>"; };
		A8BEDD6E1D5C3B27003E17C8 /* Info.plist */ = {isa = PBXFileReference; lastKnownFileType = text.plist.xml; path = Info.plist; sourceTree = "<group>"; };
		A8CDC8731D64157B00DACE89 /* Photo.swift */ = {isa = PBXFileReference; fileEncoding = 4; lastKnownFileType = sourcecode.swift; path = Photo.swift; sourceTree = "<group>"; };
/* End PBXFileReference section */

/* Begin PBXFrameworksBuildPhase section */
		A8BEDD5C1D5C3B27003E17C8 /* Frameworks */ = {
			isa = PBXFrameworksBuildPhase;
			buildActionMask = 2147483647;
			files = (
			);
			runOnlyForDeploymentPostprocessing = 0;
		};
/* End PBXFrameworksBuildPhase section */

/* Begin PBXGroup section */
		A8BEDD561D5C3B27003E17C8 = {
			isa = PBXGroup;
			children = (
				A8BEDD611D5C3B27003E17C8 /* PhotoCollection */,
				A8BEDD601D5C3B27003E17C8 /* Products */,
			);
			sourceTree = "<group>";
		};
		A8BEDD601D5C3B27003E17C8 /* Products */ = {
			isa = PBXGroup;
			children = (
				A8BEDD5F1D5C3B27003E17C8 /* PhotoCollection.app */,
			);
			name = Products;
			sourceTree = "<group>";
		};
		A8BEDD611D5C3B27003E17C8 /* PhotoCollection */ = {
			isa = PBXGroup;
			children = (
				A8BEDD621D5C3B27003E17C8 /* AppDelegate.swift */,
				A8BEDD661D5C3B27003E17C8 /* Main.storyboard */,
				A88BE2901D62C58700426A70 /* PhotoDetailViewController.swift */,
				A88F976F1D5D7B19003DAC44 /* PhotosCollectionViewController.swift */,
				A8CDC8731D64157B00DACE89 /* Photo.swift */,
				A88BE28E1D62BDEC00426A70 /* PhotoCollectionViewCell.swift */,
				A8BEDD691D5C3B27003E17C8 /* Assets.xcassets */,
				A8BEDD6B1D5C3B27003E17C8 /* LaunchScreen.storyboard */,
				A8BEDD6E1D5C3B27003E17C8 /* Info.plist */,
			);
			path = PhotoCollection;
			sourceTree = "<group>";
		};
/* End PBXGroup section */

/* Begin PBXNativeTarget section */
		A8BEDD5E1D5C3B27003E17C8 /* PhotoCollection */ = {
			isa = PBXNativeTarget;
			buildConfigurationList = A8BEDD711D5C3B27003E17C8 /* Build configuration list for PBXNativeTarget "PhotoCollection" */;
			buildPhases = (
				A8BEDD5B1D5C3B27003E17C8 /* Sources */,
				A8BEDD5C1D5C3B27003E17C8 /* Frameworks */,
				A8BEDD5D1D5C3B27003E17C8 /* Resources */,
			);
			buildRules = (
			);
			dependencies = (
			);
			name = PhotoCollection;
			productName = PhotoCollection;
			productReference = A8BEDD5F1D5C3B27003E17C8 /* PhotoCollection.app */;
			productType = "com.apple.product-type.application";
		};
/* End PBXNativeTarget section */

/* Begin PBXProject section */
		A8BEDD571D5C3B27003E17C8 /* Project object */ = {
			isa = PBXProject;
			attributes = {
				LastSwiftUpdateCheck = 0730;
				LastUpgradeCheck = 0730;
				ORGANIZATIONNAME = ryomakabe;
				TargetAttributes = {
					A8BEDD5E1D5C3B27003E17C8 = {
						CreatedOnToolsVersion = 7.3.1;
					};
				};
			};
			buildConfigurationList = A8BEDD5A1D5C3B27003E17C8 /* Build configuration list for PBXProject "PhotoCollection" */;
			compatibilityVersion = "Xcode 3.2";
			developmentRegion = English;
			hasScannedForEncodings = 0;
			knownRegions = (
				en,
				Base,
			);
			mainGroup = A8BEDD561D5C3B27003E17C8;
			productRefGroup = A8BEDD601D5C3B27003E17C8 /* Products */;
			projectDirPath = "";
			projectRoot = "";
			targets = (
				A8BEDD5E1D5C3B27003E17C8 /* PhotoCollection */,
			);
		};
/* End PBXProject section */

/* Begin PBXResourcesBuildPhase section */
		A8BEDD5D1D5C3B27003E17C8 /* Resources */ = {
			isa = PBXResourcesBuildPhase;
			buildActionMask = 2147483647;
			files = (
				A8BEDD6D1D5C3B27003E17C8 /* LaunchScreen.storyboard in Resources */,
				A8BEDD6A1D5C3B27003E17C8 /* Assets.xcassets in Resources */,
				A8BEDD681D5C3B27003E17C8 /* Main.storyboard in Resources */,
			);
			runOnlyForDeploymentPostprocessing = 0;
		};
/* End PBXResourcesBuildPhase section */

/* Begin PBXSourcesBuildPhase section */
		A8BEDD5B1D5C3B27003E17C8 /* Sources */ = {
			isa = PBXSourcesBuildPhase;
			buildActionMask = 2147483647;
			files = (
				A88F97701D5D7B19003DAC44 /* PhotosCollectionViewController.swift in Sources */,
				A8BEDD631D5C3B27003E17C8 /* AppDelegate.swift in Sources */,
				A88BE2911D62C58700426A70 /* PhotoDetailViewController.swift in Sources */,
				A88BE28F1D62BDEC00426A70 /* PhotoCollectionViewCell.swift in Sources */,
				A8CDC8741D64157B00DACE89 /* Photo.swift in Sources */,
			);
			runOnlyForDeploymentPostprocessing = 0;
		};
/* End PBXSourcesBuildPhase section */

/* Begin PBXVariantGroup section */
		A8BEDD661D5C3B27003E17C8 /* Main.storyboard */ = {
			isa = PBXVariantGroup;
			children = (
				A8BEDD671D5C3B27003E17C8 /* Base */,
			);
			name = Main.storyboard;
			sourceTree = "<group>";
		};
		A8BEDD6B1D5C3B27003E17C8 /* LaunchScreen.storyboard */ = {
			isa = PBXVariantGroup;
			children = (
				A8BEDD6C1D5C3B27003E17C8 /* Base */,
			);
			name = LaunchScreen.storyboard;
			sourceTree = "<group>";
		};
/* End PBXVariantGroup section */

/* Begin XCBuildConfiguration section */
		A8BEDD6F1D5C3B27003E17C8 /* Debug */ = {
			isa = XCBuildConfiguration;
			buildSettings = {
				ALWAYS_SEARCH_USER_PATHS = NO;
				CLANG_ANALYZER_NONNULL = YES;
				CLANG_CXX_LANGUAGE_STANDARD = "gnu++0x";
				CLANG_CXX_LIBRARY = "libc++";
				CLANG_ENABLE_MODULES = YES;
				CLANG_ENABLE_OBJC_ARC = YES;
				CLANG_WARN_BOOL_CONVERSION = YES;
				CLANG_WARN_CONSTANT_CONVERSION = YES;
				CLANG_WARN_DIRECT_OBJC_ISA_USAGE = YES_ERROR;
				CLANG_WARN_EMPTY_BODY = YES;
				CLANG_WARN_ENUM_CONVERSION = YES;
				CLANG_WARN_INT_CONVERSION = YES;
				CLANG_WARN_OBJC_ROOT_CLASS = YES_ERROR;
				CLANG_WARN_UNREACHABLE_CODE = YES;
				CLANG_WARN__DUPLICATE_METHOD_MATCH = YES;
				"CODE_SIGN_IDENTITY[sdk=iphoneos*]" = "iPhone Developer";
				COPY_PHASE_STRIP = NO;
				DEBUG_INFORMATION_FORMAT = dwarf;
				ENABLE_STRICT_OBJC_MSGSEND = YES;
				ENABLE_TESTABILITY = YES;
				GCC_C_LANGUAGE_STANDARD = gnu99;
				GCC_DYNAMIC_NO_PIC = NO;
				GCC_NO_COMMON_BLOCKS = YES;
				GCC_OPTIMIZATION_LEVEL = 0;
				GCC_PREPROCESSOR_DEFINITIONS = (
					"DEBUG=1",
					"$(inherited)",
				);
				GCC_WARN_64_TO_32_BIT_CONVERSION = YES;
				GCC_WARN_ABOUT_RETURN_TYPE = YES_ERROR;
				GCC_WARN_UNDECLARED_SELECTOR = YES;
				GCC_WARN_UNINITIALIZED_AUTOS = YES_AGGRESSIVE;
				GCC_WARN_UNUSED_FUNCTION = YES;
				GCC_WARN_UNUSED_VARIABLE = YES;
				IPHONEOS_DEPLOYMENT_TARGET = 9.3;
				MTL_ENABLE_DEBUG_INFO = YES;
				ONLY_ACTIVE_ARCH = YES;
				SDKROOT = iphoneos;
				SWIFT_OPTIMIZATION_LEVEL = "-Onone";
			};
			name = Debug;
		};
		A8BEDD701D5C3B27003E17C8 /* Release */ = {
			isa = XCBuildConfiguration;
			buildSettings = {
				ALWAYS_SEARCH_USER_PATHS = NO;
				CLANG_ANALYZER_NONNULL = YES;
				CLANG_CXX_LANGUAGE_STANDARD = "gnu++0x";
				CLANG_CXX_LIBRARY = "libc++";
				CLANG_ENABLE_MODULES = YES;
				CLANG_ENABLE_OBJC_ARC = YES;
				CLANG_WARN_BOOL_CONVERSION = YES;
				CLANG_WARN_CONSTANT_CONVERSION = YES;
				CLANG_WARN_DIRECT_OBJC_ISA_USAGE = YES_ERROR;
				CLANG_WARN_EMPTY_BODY = YES;
				CLANG_WARN_ENUM_CONVERSION = YES;
				CLANG_WARN_INT_CONVERSION = YES;
				CLANG_WARN_OBJC_ROOT_CLASS = YES_ERROR;
				CLANG_WARN_UNREACHABLE_CODE = YES;
				CLANG_WARN__DUPLICATE_METHOD_MATCH = YES;
				"CODE_SIGN_IDENTITY[sdk=iphoneos*]" = "iPhone Developer";
				COPY_PHASE_STRIP = NO;
				DEBUG_INFORMATION_FORMAT = "dwarf-with-dsym";
				ENABLE_NS_ASSERTIONS = NO;
				ENABLE_STRICT_OBJC_MSGSEND = YES;
				GCC_C_LANGUAGE_STANDARD = gnu99;
				GCC_NO_COMMON_BLOCKS = YES;
				GCC_WARN_64_TO_32_BIT_CONVERSION = YES;
				GCC_WARN_ABOUT_RETURN_TYPE = YES_ERROR;
				GCC_WARN_UNDECLARED_SELECTOR = YES;
				GCC_WARN_UNINITIALIZED_AUTOS = YES_AGGRESSIVE;
				GCC_WARN_UNUSED_FUNCTION = YES;
				GCC_WARN_UNUSED_VARIABLE = YES;
				IPHONEOS_DEPLOYMENT_TARGET = 9.3;
				MTL_ENABLE_DEBUG_INFO = NO;
				SDKROOT = iphoneos;
				VALIDATE_PRODUCT = YES;
			};
			name = Release;
		};
		A8BEDD721D5C3B27003E17C8 /* Debug */ = {
			isa = XCBuildConfiguration;
			buildSettings = {
				ASSETCATALOG_COMPILER_APPICON_NAME = AppIcon;
				INFOPLIST_FILE = PhotoCollection/Info.plist;
				LD_RUNPATH_SEARCH_PATHS = "$(inherited) @executable_path/Frameworks";
				PRODUCT_BUNDLE_IDENTIFIER = com.ryomakabe.PhotoCollection;
				PRODUCT_NAME = "$(TARGET_NAME)";
			};
			name = Debug;
		};
		A8BEDD731D5C3B27003E17C8 /* Release */ = {
			isa = XCBuildConfiguration;
			buildSettings = {
				ASSETCATALOG_COMPILER_APPICON_NAME = AppIcon;
				INFOPLIST_FILE = PhotoCollection/Info.plist;
				LD_RUNPATH_SEARCH_PATHS = "$(inherited) @executable_path/Frameworks";
				PRODUCT_BUNDLE_IDENTIFIER = com.ryomakabe.PhotoCollection;
				PRODUCT_NAME = "$(TARGET_NAME)";
			};
			name = Release;
		};
/* End XCBuildConfiguration section */

/* Begin XCConfigurationList section */
		A8BEDD5A1D5C3B27003E17C8 /* Build configuration list for PBXProject "PhotoCollection" */ = {
			isa = XCConfigurationList;
			buildConfigurations = (
				A8BEDD6F1D5C3B27003E17C8 /* Debug */,
				A8BEDD701D5C3B27003E17C8 /* Release */,
			);
			defaultConfigurationIsVisible = 0;
			defaultConfigurationName = Release;
		};
		A8BEDD711D5C3B27003E17C8 /* Build configuration list for PBXNativeTarget "PhotoCollection" */ = {
			isa = XCConfigurationList;
			buildConfigurations = (
				A8BEDD721D5C3B27003E17C8 /* Debug */,
				A8BEDD731D5C3B27003E17C8 /* Release */,
			);
			defaultConfigurationIsVisible = 0;
			defaultConfigurationName = Release;
		};
/* End XCConfigurationList section */
	};
	rootObject = A8BEDD571D5C3B27003E17C8 /* Project object */;
}
